
Microsoft Visual Studio Solution File, Format Version 12.00
# Visual Studio Version 17
VisualStudioVersion = 17.11.35219.272
MinimumVisualStudioVersion = 10.0.40219.1
Project("{FAE04EC0-301F-11D3-BF4B-00C04F79EFBC}") = "ABM", "ABM\ABM.csproj", "{07622827-FE31-4413-91FD-795E3A871066}"
EndProject
Global
	GlobalSection(SolutionConfigurationPlatforms) = preSolution
		Debug|Any CPU = Debug|Any CPU
		Release|Any CPU = Release|Any CPU
	EndGlobalSection
	GlobalSection(ProjectConfigurationPlatforms) = postSolution
		{07622827-FE31-4413-91FD-795E3A871066}.Debug|Any CPU.ActiveCfg = Debug|Any CPU
		{07622827-FE31-4413-91FD-795E3A871066}.Debug|Any CPU.Build.0 = Debug|Any CPU
		{07622827-FE31-4413-91FD-795E3A871066}.Release|Any CPU.ActiveCfg = Release|Any CPU
		{07622827-FE31-4413-91FD-795E3A871066}.Release|Any CPU.Build.0 = Release|Any CPU
	EndGlobalSection
	GlobalSection(SolutionProperties) = preSolution
		HideSolutionNode = FALSE
	EndGlobalSection
	GlobalSection(ExtensibilityGlobals) = postSolution
		SolutionGuid = {4C46743C-2CCA-4B47-B214-B67353AA4467}
	EndGlobalSection
EndGlobal
